
Microsoft Visual Studio Solution File, Format Version 12.00
# Visual Studio Version 17
VisualStudioVersion = 17.8.34330.188
MinimumVisualStudioVersion = 10.0.40219.1
Project("{FAE04EC0-301F-11D3-BF4B-00C04F79EFBC}") = "JDI_ReportMaker", "JDI_ReportMaker\JDI_ReportMaker.csproj", "{88D8419D-43C6-4F27-AB1A-EED9CD7F2A30}"
EndProject
Global
	GlobalSection(SolutionConfigurationPlatforms) = preSolution
		Debug|Any CPU = Debug|Any CPU
		Release|Any CPU = Release|Any CPU
	EndGlobalSection
	GlobalSection(ProjectConfigurationPlatforms) = postSolution
		{88D8419D-43C6-4F27-AB1A-EED9CD7F2A30}.Debug|Any CPU.ActiveCfg = Debug|Any CPU
		{88D8419D-43C6-4F27-AB1A-EED9CD7F2A30}.Debug|Any CPU.Build.0 = Debug|Any CPU
		{88D8419D-43C6-4F27-AB1A-EED9CD7F2A30}.Release|Any CPU.ActiveCfg = Release|Any CPU
		{88D8419D-43C6-4F27-AB1A-EED9CD7F2A30}.Release|Any CPU.Build.0 = Release|Any CPU
	EndGlobalSection
	GlobalSection(SolutionProperties) = preSolution
		HideSolutionNode = FALSE
	EndGlobalSection
	GlobalSection(ExtensibilityGlobals) = postSolution
		SolutionGuid = {143F5F56-A128-4D6F-8969-7B00CD4D012F}
	EndGlobalSection
EndGlobal
